{
  "pins" : [
    {
      "identity" : "anchorlayout",
      "kind" : "remoteSourceControl",
      "location" : "https://github.com/YevhenBiiak/AnchorLayout",
      "state" : {
        "revision" : "cae6ddfbbf4a9168e2f3dbcf1141904ff4a48bc4",
        "version" : "1.1.2"
      }
    }
  ],
  "version" : 2
}
