{
  "pins" : [
    {
      "identity" : "anchorlayout",
      "kind" : "remoteSourceControl",
      "location" : "https://github.com/YevhenBiiak/AnchorLayout",
      "state" : {
        "revision" : "c19a4a7e64e628d402620c79274a3d6a8f1ed23c",
        "version" : "1.1.0"
      }
    }
  ],
  "version" : 2
}
